// !$*UTF8*$!
{
	archiveVersion = 1;
	classes = {
	};
	objectVersion = 56;
	objects = {

/* Begin PBXBuildFile section */
		793301F52B5A3EB300487B3E /* DropDownView.swift in Sources */ = {isa = PBXBuildFile; fileRef = 793301D22B5A3EB200487B3E /* DropDownView.swift */; };
		793301F62B5A3EB300487B3E /* DropDownContentView.swift in Sources */ = {isa = PBXBuildFile; fileRef = 793301D32B5A3EB200487B3E /* DropDownContentView.swift */; };
		793301F72B5A3EB300487B3E /* TagField.swift in Sources */ = {isa = PBXBuildFile; fileRef = 793301D52B5A3EB200487B3E /* TagField.swift */; };
		793301F82B5A3EB300487B3E /* TagLayout.swift in Sources */ = {isa = PBXBuildFile; fileRef = 793301D62B5A3EB200487B3E /* TagLayout.swift */; };
		793301F92B5A3EB300487B3E /* TagsContentView.swift in Sources */ = {isa = PBXBuildFile; fileRef = 793301D72B5A3EB200487B3E /* TagsContentView.swift */; };
		793301FA2B5A3EB300487B3E /* Tag.swift in Sources */ = {isa = PBXBuildFile; fileRef = 793301D82B5A3EB200487B3E /* Tag.swift */; };
		793301FB2B5A3EB300487B3E /* Array+Extensions.swift in Sources */ = {isa = PBXBuildFile; fileRef = 793301DA2B5A3EB200487B3E /* Array+Extensions.swift */; };
		793301FC2B5A3EB300487B3E /* View.swift in Sources */ = {isa = PBXBuildFile; fileRef = 793301DB2B5A3EB200487B3E /* View.swift */; };
		793301FD2B5A3EB300487B3E /* Binding+Extensions.swift in Sources */ = {isa = PBXBuildFile; fileRef = 793301DC2B5A3EB200487B3E /* Binding+Extensions.swift */; };
		793301FE2B5A3EB300487B3E /* UIViewController+SwiftUI.swift in Sources */ = {isa = PBXBuildFile; fileRef = 793301DD2B5A3EB200487B3E /* UIViewController+SwiftUI.swift */; };
		793301FF2B5A3EB300487B3E /* Toggle+Extensions.swift in Sources */ = {isa = PBXBuildFile; fileRef = 793301DE2B5A3EB200487B3E /* Toggle+Extensions.swift */; };
		793302002B5A3EB300487B3E /* String+Extensions.swift in Sources */ = {isa = PBXBuildFile; fileRef = 793301DF2B5A3EB200487B3E /* String+Extensions.swift */; };
		793302012B5A3EB300487B3E /* UIPickerView+Extensions.swift in Sources */ = {isa = PBXBuildFile; fileRef = 793301E02B5A3EB200487B3E /* UIPickerView+Extensions.swift */; };
		793302022B5A3EB300487B3E /* BoundsPreferenceKey.swift in Sources */ = {isa = PBXBuildFile; fileRef = 793301E12B5A3EB200487B3E /* BoundsPreferenceKey.swift */; };
		793302032B5A3EB300487B3E /* Transition+Extensions.swift in Sources */ = {isa = PBXBuildFile; fileRef = 793301E22B5A3EB200487B3E /* Transition+Extensions.swift */; };
		793302042B5A3EB300487B3E /* Encodable+Extensions.swift in Sources */ = {isa = PBXBuildFile; fileRef = 793301E32B5A3EB200487B3E /* Encodable+Extensions.swift */; };
		793302052B5A3EB300487B3E /* KeyboardReadable.swift in Sources */ = {isa = PBXBuildFile; fileRef = 793301E42B5A3EB200487B3E /* KeyboardReadable.swift */; };
		793302062B5A3EB300487B3E /* CGPoint+Extensions.swift in Sources */ = {isa = PBXBuildFile; fileRef = 793301E52B5A3EB200487B3E /* CGPoint+Extensions.swift */; };
		793302072B5A3EB300487B3E /* Text+Extensions.swift in Sources */ = {isa = PBXBuildFile; fileRef = 793301E62B5A3EB200487B3E /* Text+Extensions.swift */; };
		793302082B5A3EB300487B3E /* Color.swift in Sources */ = {isa = PBXBuildFile; fileRef = 793301E72B5A3EB200487B3E /* Color.swift */; };
		793302092B5A3EB300487B3E /* CardModel.swift in Sources */ = {isa = PBXBuildFile; fileRef = 793301E92B5A3EB200487B3E /* CardModel.swift */; };
		7933020A2B5A3EB300487B3E /* ParallaxScrollView.swift in Sources */ = {isa = PBXBuildFile; fileRef = 793301EA2B5A3EB200487B3E /* ParallaxScrollView.swift */; };
		7933020B2B5A3EB300487B3E /* ToastContentView.swift in Sources */ = {isa = PBXBuildFile; fileRef = 793301EC2B5A3EB300487B3E /* ToastContentView.swift */; };
		7933020C2B5A3EB300487B3E /* Toast.swift in Sources */ = {isa = PBXBuildFile; fileRef = 793301ED2B5A3EB300487B3E /* Toast.swift */; };
		7933020D2B5A3EB300487B3E /* ShimmerLoadingView.swift in Sources */ = {isa = PBXBuildFile; fileRef = 793301EF2B5A3EB300487B3E /* ShimmerLoadingView.swift */; };
		7933020E2B5A3EB300487B3E /* ShimmerEffectBox.swift in Sources */ = {isa = PBXBuildFile; fileRef = 793301F02B5A3EB300487B3E /* ShimmerEffectBox.swift */; };
		793302102B5A3EB300487B3E /* InfiniteScrollViewContentView.swift in Sources */ = {isa = PBXBuildFile; fileRef = 793301F32B5A3EB300487B3E /* InfiniteScrollViewContentView.swift */; };
		793302112B5A3EB300487B3E /* InfiniteScrollView.swift in Sources */ = {isa = PBXBuildFile; fileRef = 793301F42B5A3EB300487B3E /* InfiniteScrollView.swift */; };
		79534B112B5A38EF00B09A47 /* ToolBoxApp.swift in Sources */ = {isa = PBXBuildFile; fileRef = 79534B102B5A38EF00B09A47 /* ToolBoxApp.swift */; };
		79534B132B5A38EF00B09A47 /* ContentView.swift in Sources */ = {isa = PBXBuildFile; fileRef = 79534B122B5A38EF00B09A47 /* ContentView.swift */; };
		79534B152B5A38EF00B09A47 /* Item.swift in Sources */ = {isa = PBXBuildFile; fileRef = 79534B142B5A38EF00B09A47 /* Item.swift */; };
		79534B172B5A38F000B09A47 /* Assets.xcassets in Resources */ = {isa = PBXBuildFile; fileRef = 79534B162B5A38F000B09A47 /* Assets.xcassets */; };
		79534B1A2B5A38F000B09A47 /* Preview Assets.xcassets in Resources */ = {isa = PBXBuildFile; fileRef = 79534B192B5A38F000B09A47 /* Preview Assets.xcassets */; };
		79534B242B5A38F000B09A47 /* ToolBoxTests.swift in Sources */ = {isa = PBXBuildFile; fileRef = 79534B232B5A38F000B09A47 /* ToolBoxTests.swift */; };
		79534B2E2B5A38F000B09A47 /* ToolBoxUITests.swift in Sources */ = {isa = PBXBuildFile; fileRef = 79534B2D2B5A38F000B09A47 /* ToolBoxUITests.swift */; };
		79534B302B5A38F000B09A47 /* ToolBoxUITestsLaunchTests.swift in Sources */ = {isa = PBXBuildFile; fileRef = 79534B2F2B5A38F000B09A47 /* ToolBoxUITestsLaunchTests.swift */; };
/* End PBXBuildFile section */

/* Begin PBXContainerItemProxy section */
		79534B202B5A38F000B09A47 /* PBXContainerItemProxy */ = {
			isa = PBXContainerItemProxy;
			containerPortal = 79534B052B5A38EF00B09A47 /* Project object */;
			proxyType = 1;
			remoteGlobalIDString = 79534B0C2B5A38EF00B09A47;
			remoteInfo = ToolBox;
		};
		79534B2A2B5A38F000B09A47 /* PBXContainerItemProxy */ = {
			isa = PBXContainerItemProxy;
			containerPortal = 79534B052B5A38EF00B09A47 /* Project object */;
			proxyType = 1;
			remoteGlobalIDString = 79534B0C2B5A38EF00B09A47;
			remoteInfo = ToolBox;
		};
/* End PBXContainerItemProxy section */

/* Begin PBXFileReference section */
		793301D22B5A3EB200487B3E /* DropDownView.swift */ = {isa = PBXFileReference; fileEncoding = 4; lastKnownFileType = sourcecode.swift; path = DropDownView.swift; sourceTree = "<group>"; };
		793301D32B5A3EB200487B3E /* DropDownContentView.swift */ = {isa = PBXFileReference; fileEncoding = 4; lastKnownFileType = sourcecode.swift; path = DropDownContentView.swift; sourceTree = "<group>"; };
		793301D52B5A3EB200487B3E /* TagField.swift */ = {isa = PBXFileReference; fileEncoding = 4; lastKnownFileType = sourcecode.swift; path = TagField.swift; sourceTree = "<group>"; };
		793301D62B5A3EB200487B3E /* TagLayout.swift */ = {isa = PBXFileReference; fileEncoding = 4; lastKnownFileType = sourcecode.swift; path = TagLayout.swift; sourceTree = "<group>"; };
		793301D72B5A3EB200487B3E /* TagsContentView.swift */ = {isa = PBXFileReference; fileEncoding = 4; lastKnownFileType = sourcecode.swift; path = TagsContentView.swift; sourceTree = "<group>"; };
		793301D82B5A3EB200487B3E /* Tag.swift */ = {isa = PBXFileReference; fileEncoding = 4; lastKnownFileType = sourcecode.swift; path = Tag.swift; sourceTree = "<group>"; };
		793301DA2B5A3EB200487B3E /* Array+Extensions.swift */ = {isa = PBXFileReference; fileEncoding = 4; lastKnownFileType = sourcecode.swift; path = "Array+Extensions.swift"; sourceTree = "<group>"; };
		793301DB2B5A3EB200487B3E /* View.swift */ = {isa = PBXFileReference; fileEncoding = 4; lastKnownFileType = sourcecode.swift; path = View.swift; sourceTree = "<group>"; };
		793301DC2B5A3EB200487B3E /* Binding+Extensions.swift */ = {isa = PBXFileReference; fileEncoding = 4; lastKnownFileType = sourcecode.swift; path = "Binding+Extensions.swift"; sourceTree = "<group>"; };
		793301DD2B5A3EB200487B3E /* UIViewController+SwiftUI.swift */ = {isa = PBXFileReference; fileEncoding = 4; lastKnownFileType = sourcecode.swift; path = "UIViewController+SwiftUI.swift"; sourceTree = "<group>"; };
		793301DE2B5A3EB200487B3E /* Toggle+Extensions.swift */ = {isa = PBXFileReference; fileEncoding = 4; lastKnownFileType = sourcecode.swift; path = "Toggle+Extensions.swift"; sourceTree = "<group>"; };
		793301DF2B5A3EB200487B3E /* String+Extensions.swift */ = {isa = PBXFileReference; fileEncoding = 4; lastKnownFileType = sourcecode.swift; path = "String+Extensions.swift"; sourceTree = "<group>"; };
		793301E02B5A3EB200487B3E /* UIPickerView+Extensions.swift */ = {isa = PBXFileReference; fileEncoding = 4; lastKnownFileType = sourcecode.swift; path = "UIPickerView+Extensions.swift"; sourceTree = "<group>"; };
		793301E12B5A3EB200487B3E /* BoundsPreferenceKey.swift */ = {isa = PBXFileReference; fileEncoding = 4; lastKnownFileType = sourcecode.swift; path = BoundsPreferenceKey.swift; sourceTree = "<group>"; };
		793301E22B5A3EB200487B3E /* Transition+Extensions.swift */ = {isa = PBXFileReference; fileEncoding = 4; lastKnownFileType = sourcecode.swift; path = "Transition+Extensions.swift"; sourceTree = "<group>"; };
		793301E32B5A3EB200487B3E /* Encodable+Extensions.swift */ = {isa = PBXFileReference; fileEncoding = 4; lastKnownFileType = sourcecode.swift; path = "Encodable+Extensions.swift"; sourceTree = "<group>"; };
		793301E42B5A3EB200487B3E /* KeyboardReadable.swift */ = {isa = PBXFileReference; fileEncoding = 4; lastKnownFileType = sourcecode.swift; path = KeyboardReadable.swift; sourceTree = "<group>"; };
		793301E52B5A3EB200487B3E /* CGPoint+Extensions.swift */ = {isa = PBXFileReference; fileEncoding = 4; lastKnownFileType = sourcecode.swift; path = "CGPoint+Extensions.swift"; sourceTree = "<group>"; };
		793301E62B5A3EB200487B3E /* Text+Extensions.swift */ = {isa = PBXFileReference; fileEncoding = 4; lastKnownFileType = sourcecode.swift; path = "Text+Extensions.swift"; sourceTree = "<group>"; };
		793301E72B5A3EB200487B3E /* Color.swift */ = {isa = PBXFileReference; fileEncoding = 4; lastKnownFileType = sourcecode.swift; path = Color.swift; sourceTree = "<group>"; };
		793301E92B5A3EB200487B3E /* CardModel.swift */ = {isa = PBXFileReference; fileEncoding = 4; lastKnownFileType = sourcecode.swift; path = CardModel.swift; sourceTree = "<group>"; };
		793301EA2B5A3EB200487B3E /* ParallaxScrollView.swift */ = {isa = PBXFileReference; fileEncoding = 4; lastKnownFileType = sourcecode.swift; path = ParallaxScrollView.swift; sourceTree = "<group>"; };
		793301EC2B5A3EB300487B3E /* ToastContentView.swift */ = {isa = PBXFileReference; fileEncoding = 4; lastKnownFileType = sourcecode.swift; path = ToastContentView.swift; sourceTree = "<group>"; };
		793301ED2B5A3EB300487B3E /* Toast.swift */ = {isa = PBXFileReference; fileEncoding = 4; lastKnownFileType = sourcecode.swift; path = Toast.swift; sourceTree = "<group>"; };
		793301EF2B5A3EB300487B3E /* ShimmerLoadingView.swift */ = {isa = PBXFileReference; fileEncoding = 4; lastKnownFileType = sourcecode.swift; path = ShimmerLoadingView.swift; sourceTree = "<group>"; };
		793301F02B5A3EB300487B3E /* ShimmerEffectBox.swift */ = {isa = PBXFileReference; fileEncoding = 4; lastKnownFileType = sourcecode.swift; path = ShimmerEffectBox.swift; sourceTree = "<group>"; };
		793301F32B5A3EB300487B3E /* InfiniteScrollViewContentView.swift */ = {isa = PBXFileReference; fileEncoding = 4; lastKnownFileType = sourcecode.swift; path = InfiniteScrollViewContentView.swift; sourceTree = "<group>"; };
		793301F42B5A3EB300487B3E /* InfiniteScrollView.swift */ = {isa = PBXFileReference; fileEncoding = 4; lastKnownFileType = sourcecode.swift; path = InfiniteScrollView.swift; sourceTree = "<group>"; };
		79534B0D2B5A38EF00B09A47 /* ToolBox.app */ = {isa = PBXFileReference; explicitFileType = wrapper.application; includeInIndex = 0; path = ToolBox.app; sourceTree = BUILT_PRODUCTS_DIR; };
		79534B102B5A38EF00B09A47 /* ToolBoxApp.swift */ = {isa = PBXFileReference; lastKnownFileType = sourcecode.swift; path = ToolBoxApp.swift; sourceTree = "<group>"; };
		79534B122B5A38EF00B09A47 /* ContentView.swift */ = {isa = PBXFileReference; lastKnownFileType = sourcecode.swift; path = ContentView.swift; sourceTree = "<group>"; };
		79534B142B5A38EF00B09A47 /* Item.swift */ = {isa = PBXFileReference; lastKnownFileType = sourcecode.swift; path = Item.swift; sourceTree = "<group>"; };
		79534B162B5A38F000B09A47 /* Assets.xcassets */ = {isa = PBXFileReference; lastKnownFileType = folder.assetcatalog; path = Assets.xcassets; sourceTree = "<group>"; };
		79534B192B5A38F000B09A47 /* Preview Assets.xcassets */ = {isa = PBXFileReference; lastKnownFileType = folder.assetcatalog; path = "Preview Assets.xcassets"; sourceTree = "<group>"; };
		79534B1F2B5A38F000B09A47 /* ToolBoxTests.xctest */ = {isa = PBXFileReference; explicitFileType = wrapper.cfbundle; includeInIndex = 0; path = ToolBoxTests.xctest; sourceTree = BUILT_PRODUCTS_DIR; };
		79534B232B5A38F000B09A47 /* ToolBoxTests.swift */ = {isa = PBXFileReference; lastKnownFileType = sourcecode.swift; path = ToolBoxTests.swift; sourceTree = "<group>"; };
		79534B292B5A38F000B09A47 /* ToolBoxUITests.xctest */ = {isa = PBXFileReference; explicitFileType = wrapper.cfbundle; includeInIndex = 0; path = ToolBoxUITests.xctest; sourceTree = BUILT_PRODUCTS_DIR; };
		79534B2D2B5A38F000B09A47 /* ToolBoxUITests.swift */ = {isa = PBXFileReference; lastKnownFileType = sourcecode.swift; path = ToolBoxUITests.swift; sourceTree = "<group>"; };
		79534B2F2B5A38F000B09A47 /* ToolBoxUITestsLaunchTests.swift */ = {isa = PBXFileReference; lastKnownFileType = sourcecode.swift; path = ToolBoxUITestsLaunchTests.swift; sourceTree = "<group>"; };
/* End PBXFileReference section */

/* Begin PBXFrameworksBuildPhase section */
		79534B0A2B5A38EF00B09A47 /* Frameworks */ = {
			isa = PBXFrameworksBuildPhase;
			buildActionMask = 2147483647;
			files = (
			);
			runOnlyForDeploymentPostprocessing = 0;
		};
		79534B1C2B5A38F000B09A47 /* Frameworks */ = {
			isa = PBXFrameworksBuildPhase;
			buildActionMask = 2147483647;
			files = (
			);
			runOnlyForDeploymentPostprocessing = 0;
		};
		79534B262B5A38F000B09A47 /* Frameworks */ = {
			isa = PBXFrameworksBuildPhase;
			buildActionMask = 2147483647;
			files = (
			);
			runOnlyForDeploymentPostprocessing = 0;
		};
/* End PBXFrameworksBuildPhase section */

/* Begin PBXGroup section */
		793301D12B5A3EB200487B3E /* DropDownPicker */ = {
			isa = PBXGroup;
			children = (
				793301D22B5A3EB200487B3E /* DropDownView.swift */,
				793301D32B5A3EB200487B3E /* DropDownContentView.swift */,
			);
			path = DropDownPicker;
			sourceTree = "<group>";
		};
		793301D42B5A3EB200487B3E /* TagsField */ = {
			isa = PBXGroup;
			children = (
				793301D52B5A3EB200487B3E /* TagField.swift */,
				793301D62B5A3EB200487B3E /* TagLayout.swift */,
				793301D72B5A3EB200487B3E /* TagsContentView.swift */,
				793301D82B5A3EB200487B3E /* Tag.swift */,
			);
			path = TagsField;
			sourceTree = "<group>";
		};
		793301D92B5A3EB200487B3E /* Extensions */ = {
			isa = PBXGroup;
			children = (
				793301DA2B5A3EB200487B3E /* Array+Extensions.swift */,
				793301DB2B5A3EB200487B3E /* View.swift */,
				793301DC2B5A3EB200487B3E /* Binding+Extensions.swift */,
				793301DD2B5A3EB200487B3E /* UIViewController+SwiftUI.swift */,
				793301DE2B5A3EB200487B3E /* Toggle+Extensions.swift */,
				793301DF2B5A3EB200487B3E /* String+Extensions.swift */,
				793301E02B5A3EB200487B3E /* UIPickerView+Extensions.swift */,
				793301E12B5A3EB200487B3E /* BoundsPreferenceKey.swift */,
				793301E22B5A3EB200487B3E /* Transition+Extensions.swift */,
				793301E32B5A3EB200487B3E /* Encodable+Extensions.swift */,
				793301E42B5A3EB200487B3E /* KeyboardReadable.swift */,
				793301E52B5A3EB200487B3E /* CGPoint+Extensions.swift */,
				793301E62B5A3EB200487B3E /* Text+Extensions.swift */,
				793301E72B5A3EB200487B3E /* Color.swift */,
			);
			path = Extensions;
			sourceTree = "<group>";
		};
		793301E82B5A3EB200487B3E /* ParallaxScrollEffect */ = {
			isa = PBXGroup;
			children = (
				793301E92B5A3EB200487B3E /* CardModel.swift */,
				793301EA2B5A3EB200487B3E /* ParallaxScrollView.swift */,
			);
			path = ParallaxScrollEffect;
			sourceTree = "<group>";
		};
		793301EB2B5A3EB300487B3E /* ToastView */ = {
			isa = PBXGroup;
			children = (
				793301EC2B5A3EB300487B3E /* ToastContentView.swift */,
				793301ED2B5A3EB300487B3E /* Toast.swift */,
			);
			path = ToastView;
			sourceTree = "<group>";
		};
		793301EE2B5A3EB300487B3E /* LoadingView */ = {
			isa = PBXGroup;
			children = (
				793301EF2B5A3EB300487B3E /* ShimmerLoadingView.swift */,
				793301F02B5A3EB300487B3E /* ShimmerEffectBox.swift */,
			);
			path = LoadingView;
			sourceTree = "<group>";
		};
		793301F12B5A3EB300487B3E /* InfiniteScrollView */ = {
			isa = PBXGroup;
			children = (
				793301F32B5A3EB300487B3E /* InfiniteScrollViewContentView.swift */,
				793301F42B5A3EB300487B3E /* InfiniteScrollView.swift */,
			);
			path = InfiniteScrollView;
			sourceTree = "<group>";
		};
		79534B042B5A38EF00B09A47 = {
			isa = PBXGroup;
			children = (
				79534B0F2B5A38EF00B09A47 /* ToolBox */,
				79534B222B5A38F000B09A47 /* ToolBoxTests */,
				79534B2C2B5A38F000B09A47 /* ToolBoxUITests */,
				79534B0E2B5A38EF00B09A47 /* Products */,
			);
			sourceTree = "<group>";
		};
		79534B0E2B5A38EF00B09A47 /* Products */ = {
			isa = PBXGroup;
			children = (
				79534B0D2B5A38EF00B09A47 /* ToolBox.app */,
				79534B1F2B5A38F000B09A47 /* ToolBoxTests.xctest */,
				79534B292B5A38F000B09A47 /* ToolBoxUITests.xctest */,
			);
			name = Products;
			sourceTree = "<group>";
		};
		79534B0F2B5A38EF00B09A47 /* ToolBox */ = {
			isa = PBXGroup;
			children = (
				79534B102B5A38EF00B09A47 /* ToolBoxApp.swift */,
				79534B122B5A38EF00B09A47 /* ContentView.swift */,
				79534B142B5A38EF00B09A47 /* Item.swift */,
				793301D12B5A3EB200487B3E /* DropDownPicker */,
				793301D92B5A3EB200487B3E /* Extensions */,
				793301F12B5A3EB300487B3E /* InfiniteScrollView */,
				793301EE2B5A3EB300487B3E /* LoadingView */,
				793301E82B5A3EB200487B3E /* ParallaxScrollEffect */,
				793301D42B5A3EB200487B3E /* TagsField */,
				793301EB2B5A3EB300487B3E /* ToastView */,
				79534B162B5A38F000B09A47 /* Assets.xcassets */,
				79534B182B5A38F000B09A47 /* Preview Content */,
			);
			path = ToolBox;
			sourceTree = "<group>";
		};
		79534B182B5A38F000B09A47 /* Preview Content */ = {
			isa = PBXGroup;
			children = (
				79534B192B5A38F000B09A47 /* Preview Assets.xcassets */,
			);
			path = "Preview Content";
			sourceTree = "<group>";
		};
		79534B222B5A38F000B09A47 /* ToolBoxTests */ = {
			isa = PBXGroup;
			children = (
				79534B232B5A38F000B09A47 /* ToolBoxTests.swift */,
			);
			path = ToolBoxTests;
			sourceTree = "<group>";
		};
		79534B2C2B5A38F000B09A47 /* ToolBoxUITests */ = {
			isa = PBXGroup;
			children = (
				79534B2D2B5A38F000B09A47 /* ToolBoxUITests.swift */,
				79534B2F2B5A38F000B09A47 /* ToolBoxUITestsLaunchTests.swift */,
			);
			path = ToolBoxUITests;
			sourceTree = "<group>";
		};
/* End PBXGroup section */

/* Begin PBXNativeTarget section */
		79534B0C2B5A38EF00B09A47 /* ToolBox */ = {
			isa = PBXNativeTarget;
			buildConfigurationList = 79534B332B5A38F000B09A47 /* Build configuration list for PBXNativeTarget "ToolBox" */;
			buildPhases = (
				79534B092B5A38EF00B09A47 /* Sources */,
				79534B0A2B5A38EF00B09A47 /* Frameworks */,
				79534B0B2B5A38EF00B09A47 /* Resources */,
			);
			buildRules = (
			);
			dependencies = (
			);
			name = ToolBox;
			productName = ToolBox;
			productReference = 79534B0D2B5A38EF00B09A47 /* ToolBox.app */;
			productType = "com.apple.product-type.application";
		};
		79534B1E2B5A38F000B09A47 /* ToolBoxTests */ = {
			isa = PBXNativeTarget;
			buildConfigurationList = 79534B362B5A38F000B09A47 /* Build configuration list for PBXNativeTarget "ToolBoxTests" */;
			buildPhases = (
				79534B1B2B5A38F000B09A47 /* Sources */,
				79534B1C2B5A38F000B09A47 /* Frameworks */,
				79534B1D2B5A38F000B09A47 /* Resources */,
			);
			buildRules = (
			);
			dependencies = (
				79534B212B5A38F000B09A47 /* PBXTargetDependency */,
			);
			name = ToolBoxTests;
			productName = ToolBoxTests;
			productReference = 79534B1F2B5A38F000B09A47 /* ToolBoxTests.xctest */;
			productType = "com.apple.product-type.bundle.unit-test";
		};
		79534B282B5A38F000B09A47 /* ToolBoxUITests */ = {
			isa = PBXNativeTarget;
			buildConfigurationList = 79534B392B5A38F000B09A47 /* Build configuration list for PBXNativeTarget "ToolBoxUITests" */;
			buildPhases = (
				79534B252B5A38F000B09A47 /* Sources */,
				79534B262B5A38F000B09A47 /* Frameworks */,
				79534B272B5A38F000B09A47 /* Resources */,
			);
			buildRules = (
			);
			dependencies = (
				79534B2B2B5A38F000B09A47 /* PBXTargetDependency */,
			);
			name = ToolBoxUITests;
			productName = ToolBoxUITests;
			productReference = 79534B292B5A38F000B09A47 /* ToolBoxUITests.xctest */;
			productType = "com.apple.product-type.bundle.ui-testing";
		};
/* End PBXNativeTarget section */

/* Begin PBXProject section */
		79534B052B5A38EF00B09A47 /* Project object */ = {
			isa = PBXProject;
			attributes = {
				BuildIndependentTargetsInParallel = 1;
				LastSwiftUpdateCheck = 1520;
				LastUpgradeCheck = 1520;
				TargetAttributes = {
					79534B0C2B5A38EF00B09A47 = {
						CreatedOnToolsVersion = 15.2;
					};
					79534B1E2B5A38F000B09A47 = {
						CreatedOnToolsVersion = 15.2;
						TestTargetID = 79534B0C2B5A38EF00B09A47;
					};
					79534B282B5A38F000B09A47 = {
						CreatedOnToolsVersion = 15.2;
						TestTargetID = 79534B0C2B5A38EF00B09A47;
					};
				};
			};
			buildConfigurationList = 79534B082B5A38EF00B09A47 /* Build configuration list for PBXProject "ToolBox" */;
			compatibilityVersion = "Xcode 14.0";
			developmentRegion = en;
			hasScannedForEncodings = 0;
			knownRegions = (
				en,
				Base,
			);
			mainGroup = 79534B042B5A38EF00B09A47;
			productRefGroup = 79534B0E2B5A38EF00B09A47 /* Products */;
			projectDirPath = "";
			projectRoot = "";
			targets = (
				79534B0C2B5A38EF00B09A47 /* ToolBox */,
				79534B1E2B5A38F000B09A47 /* ToolBoxTests */,
				79534B282B5A38F000B09A47 /* ToolBoxUITests */,
			);
		};
/* End PBXProject section */

/* Begin PBXResourcesBuildPhase section */
		79534B0B2B5A38EF00B09A47 /* Resources */ = {
			isa = PBXResourcesBuildPhase;
			buildActionMask = 2147483647;
			files = (
				79534B1A2B5A38F000B09A47 /* Preview Assets.xcassets in Resources */,
				79534B172B5A38F000B09A47 /* Assets.xcassets in Resources */,
			);
			runOnlyForDeploymentPostprocessing = 0;
		};
		79534B1D2B5A38F000B09A47 /* Resources */ = {
			isa = PBXResourcesBuildPhase;
			buildActionMask = 2147483647;
			files = (
			);
			runOnlyForDeploymentPostprocessing = 0;
		};
		79534B272B5A38F000B09A47 /* Resources */ = {
			isa = PBXResourcesBuildPhase;
			buildActionMask = 2147483647;
			files = (
			);
			runOnlyForDeploymentPostprocessing = 0;
		};
/* End PBXResourcesBuildPhase section */

/* Begin PBXSourcesBuildPhase section */
		79534B092B5A38EF00B09A47 /* Sources */ = {
			isa = PBXSourcesBuildPhase;
			buildActionMask = 2147483647;
			files = (
				79534B132B5A38EF00B09A47 /* ContentView.swift in Sources */,
				793301FB2B5A3EB300487B3E /* Array+Extensions.swift in Sources */,
				793302082B5A3EB300487B3E /* Color.swift in Sources */,
				793302052B5A3EB300487B3E /* KeyboardReadable.swift in Sources */,
				793301F72B5A3EB300487B3E /* TagField.swift in Sources */,
				7933020D2B5A3EB300487B3E /* ShimmerLoadingView.swift in Sources */,
				793302092B5A3EB300487B3E /* CardModel.swift in Sources */,
				793302072B5A3EB300487B3E /* Text+Extensions.swift in Sources */,
				793302042B5A3EB300487B3E /* Encodable+Extensions.swift in Sources */,
				793302022B5A3EB300487B3E /* BoundsPreferenceKey.swift in Sources */,
				793301FE2B5A3EB300487B3E /* UIViewController+SwiftUI.swift in Sources */,
				793302062B5A3EB300487B3E /* CGPoint+Extensions.swift in Sources */,
				793301F82B5A3EB300487B3E /* TagLayout.swift in Sources */,
				793301F52B5A3EB300487B3E /* DropDownView.swift in Sources */,
				793301F62B5A3EB300487B3E /* DropDownContentView.swift in Sources */,
				793301F92B5A3EB300487B3E /* TagsContentView.swift in Sources */,
				793301FA2B5A3EB300487B3E /* Tag.swift in Sources */,
				7933020C2B5A3EB300487B3E /* Toast.swift in Sources */,
				793302112B5A3EB300487B3E /* InfiniteScrollView.swift in Sources */,
				79534B152B5A38EF00B09A47 /* Item.swift in Sources */,
				793302012B5A3EB300487B3E /* UIPickerView+Extensions.swift in Sources */,
				7933020B2B5A3EB300487B3E /* ToastContentView.swift in Sources */,
				793302002B5A3EB300487B3E /* String+Extensions.swift in Sources */,
				793301FD2B5A3EB300487B3E /* Binding+Extensions.swift in Sources */,
				793302032B5A3EB300487B3E /* Transition+Extensions.swift in Sources */,
				793301FC2B5A3EB300487B3E /* View.swift in Sources */,
				79534B112B5A38EF00B09A47 /* ToolBoxApp.swift in Sources */,
				7933020A2B5A3EB300487B3E /* ParallaxScrollView.swift in Sources */,
				793301FF2B5A3EB300487B3E /* Toggle+Extensions.swift in Sources */,
				793302102B5A3EB300487B3E /* InfiniteScrollViewContentView.swift in Sources */,
				7933020E2B5A3EB300487B3E /* ShimmerEffectBox.swift in Sources */,
			);
			runOnlyForDeploymentPostprocessing = 0;
		};
		79534B1B2B5A38F000B09A47 /* Sources */ = {
			isa = PBXSourcesBuildPhase;
			buildActionMask = 2147483647;
			files = (
				79534B242B5A38F000B09A47 /* ToolBoxTests.swift in Sources */,
			);
			runOnlyForDeploymentPostprocessing = 0;
		};
		79534B252B5A38F000B09A47 /* Sources */ = {
			isa = PBXSourcesBuildPhase;
			buildActionMask = 2147483647;
			files = (
				79534B302B5A38F000B09A47 /* ToolBoxUITestsLaunchTests.swift in Sources */,
				79534B2E2B5A38F000B09A47 /* ToolBoxUITests.swift in Sources */,
			);
			runOnlyForDeploymentPostprocessing = 0;
		};
/* End PBXSourcesBuildPhase section */

/* Begin PBXTargetDependency section */
		79534B212B5A38F000B09A47 /* PBXTargetDependency */ = {
			isa = PBXTargetDependency;
			target = 79534B0C2B5A38EF00B09A47 /* ToolBox */;
			targetProxy = 79534B202B5A38F000B09A47 /* PBXContainerItemProxy */;
		};
		79534B2B2B5A38F000B09A47 /* PBXTargetDependency */ = {
			isa = PBXTargetDependency;
			target = 79534B0C2B5A38EF00B09A47 /* ToolBox */;
			targetProxy = 79534B2A2B5A38F000B09A47 /* PBXContainerItemProxy */;
		};
/* End PBXTargetDependency section */

/* Begin XCBuildConfiguration section */
		79534B312B5A38F000B09A47 /* Debug */ = {
			isa = XCBuildConfiguration;
			buildSettings = {
				ALWAYS_SEARCH_USER_PATHS = NO;
				ASSETCATALOG_COMPILER_GENERATE_SWIFT_ASSET_SYMBOL_EXTENSIONS = YES;
				CLANG_ANALYZER_NONNULL = YES;
				CLANG_ANALYZER_NUMBER_OBJECT_CONVERSION = YES_AGGRESSIVE;
				CLANG_CXX_LANGUAGE_STANDARD = "gnu++20";
				CLANG_ENABLE_MODULES = YES;
				CLANG_ENABLE_OBJC_ARC = YES;
				CLANG_ENABLE_OBJC_WEAK = YES;
				CLANG_WARN_BLOCK_CAPTURE_AUTORELEASING = YES;
				CLANG_WARN_BOOL_CONVERSION = YES;
				CLANG_WARN_COMMA = YES;
				CLANG_WARN_CONSTANT_CONVERSION = YES;
				CLANG_WARN_DEPRECATED_OBJC_IMPLEMENTATIONS = YES;
				CLANG_WARN_DIRECT_OBJC_ISA_USAGE = YES_ERROR;
				CLANG_WARN_DOCUMENTATION_COMMENTS = YES;
				CLANG_WARN_EMPTY_BODY = YES;
				CLANG_WARN_ENUM_CONVERSION = YES;
				CLANG_WARN_INFINITE_RECURSION = YES;
				CLANG_WARN_INT_CONVERSION = YES;
				CLANG_WARN_NON_LITERAL_NULL_CONVERSION = YES;
				CLANG_WARN_OBJC_IMPLICIT_RETAIN_SELF = YES;
				CLANG_WARN_OBJC_LITERAL_CONVERSION = YES;
				CLANG_WARN_OBJC_ROOT_CLASS = YES_ERROR;
				CLANG_WARN_QUOTED_INCLUDE_IN_FRAMEWORK_HEADER = YES;
				CLANG_WARN_RANGE_LOOP_ANALYSIS = YES;
				CLANG_WARN_STRICT_PROTOTYPES = YES;
				CLANG_WARN_SUSPICIOUS_MOVE = YES;
				CLANG_WARN_UNGUARDED_AVAILABILITY = YES_AGGRESSIVE;
				CLANG_WARN_UNREACHABLE_CODE = YES;
				CLANG_WARN__DUPLICATE_METHOD_MATCH = YES;
				COPY_PHASE_STRIP = NO;
				DEBUG_INFORMATION_FORMAT = dwarf;
				ENABLE_STRICT_OBJC_MSGSEND = YES;
				ENABLE_TESTABILITY = YES;
				ENABLE_USER_SCRIPT_SANDBOXING = YES;
				GCC_C_LANGUAGE_STANDARD = gnu17;
				GCC_DYNAMIC_NO_PIC = NO;
				GCC_NO_COMMON_BLOCKS = YES;
				GCC_OPTIMIZATION_LEVEL = 0;
				GCC_PREPROCESSOR_DEFINITIONS = (
					"DEBUG=1",
					"$(inherited)",
				);
				GCC_WARN_64_TO_32_BIT_CONVERSION = YES;
				GCC_WARN_ABOUT_RETURN_TYPE = YES_ERROR;
				GCC_WARN_UNDECLARED_SELECTOR = YES;
				GCC_WARN_UNINITIALIZED_AUTOS = YES_AGGRESSIVE;
				GCC_WARN_UNUSED_FUNCTION = YES;
				GCC_WARN_UNUSED_VARIABLE = YES;
				IPHONEOS_DEPLOYMENT_TARGET = 17.0;
				LOCALIZATION_PREFERS_STRING_CATALOGS = YES;
				MTL_ENABLE_DEBUG_INFO = INCLUDE_SOURCE;
				MTL_FAST_MATH = YES;
				ONLY_ACTIVE_ARCH = YES;
				SDKROOT = iphoneos;
				SWIFT_ACTIVE_COMPILATION_CONDITIONS = "DEBUG $(inherited)";
				SWIFT_OPTIMIZATION_LEVEL = "-Onone";
			};
			name = Debug;
		};
		79534B322B5A38F000B09A47 /* Release */ = {
			isa = XCBuildConfiguration;
			buildSettings = {
				ALWAYS_SEARCH_USER_PATHS = NO;
				ASSETCATALOG_COMPILER_GENERATE_SWIFT_ASSET_SYMBOL_EXTENSIONS = YES;
				CLANG_ANALYZER_NONNULL = YES;
				CLANG_ANALYZER_NUMBER_OBJECT_CONVERSION = YES_AGGRESSIVE;
				CLANG_CXX_LANGUAGE_STANDARD = "gnu++20";
				CLANG_ENABLE_MODULES = YES;
				CLANG_ENABLE_OBJC_ARC = YES;
				CLANG_ENABLE_OBJC_WEAK = YES;
				CLANG_WARN_BLOCK_CAPTURE_AUTORELEASING = YES;
				CLANG_WARN_BOOL_CONVERSION = YES;
				CLANG_WARN_COMMA = YES;
				CLANG_WARN_CONSTANT_CONVERSION = YES;
				CLANG_WARN_DEPRECATED_OBJC_IMPLEMENTATIONS = YES;
				CLANG_WARN_DIRECT_OBJC_ISA_USAGE = YES_ERROR;
				CLANG_WARN_DOCUMENTATION_COMMENTS = YES;
				CLANG_WARN_EMPTY_BODY = YES;
				CLANG_WARN_ENUM_CONVERSION = YES;
				CLANG_WARN_INFINITE_RECURSION = YES;
				CLANG_WARN_INT_CONVERSION = YES;
				CLANG_WARN_NON_LITERAL_NULL_CONVERSION = YES;
				CLANG_WARN_OBJC_IMPLICIT_RETAIN_SELF = YES;
				CLANG_WARN_OBJC_LITERAL_CONVERSION = YES;
				CLANG_WARN_OBJC_ROOT_CLASS = YES_ERROR;
				CLANG_WARN_QUOTED_INCLUDE_IN_FRAMEWORK_HEADER = YES;
				CLANG_WARN_RANGE_LOOP_ANALYSIS = YES;
				CLANG_WARN_STRICT_PROTOTYPES = YES;
				CLANG_WARN_SUSPICIOUS_MOVE = YES;
				CLANG_WARN_UNGUARDED_AVAILABILITY = YES_AGGRESSIVE;
				CLANG_WARN_UNREACHABLE_CODE = YES;
				CLANG_WARN__DUPLICATE_METHOD_MATCH = YES;
				COPY_PHASE_STRIP = NO;
				DEBUG_INFORMATION_FORMAT = "dwarf-with-dsym";
				ENABLE_NS_ASSERTIONS = NO;
				ENABLE_STRICT_OBJC_MSGSEND = YES;
				ENABLE_USER_SCRIPT_SANDBOXING = YES;
				GCC_C_LANGUAGE_STANDARD = gnu17;
				GCC_NO_COMMON_BLOCKS = YES;
				GCC_WARN_64_TO_32_BIT_CONVERSION = YES;
				GCC_WARN_ABOUT_RETURN_TYPE = YES_ERROR;
				GCC_WARN_UNDECLARED_SELECTOR = YES;
				GCC_WARN_UNINITIALIZED_AUTOS = YES_AGGRESSIVE;
				GCC_WARN_UNUSED_FUNCTION = YES;
				GCC_WARN_UNUSED_VARIABLE = YES;
				IPHONEOS_DEPLOYMENT_TARGET = 17.0;
				LOCALIZATION_PREFERS_STRING_CATALOGS = YES;
				MTL_ENABLE_DEBUG_INFO = NO;
				MTL_FAST_MATH = YES;
				SDKROOT = iphoneos;
				SWIFT_COMPILATION_MODE = wholemodule;
				VALIDATE_PRODUCT = YES;
			};
			name = Release;
		};
		79534B342B5A38F000B09A47 /* Debug */ = {
			isa = XCBuildConfiguration;
			buildSettings = {
				ASSETCATALOG_COMPILER_APPICON_NAME = AppIcon;
				ASSETCATALOG_COMPILER_GLOBAL_ACCENT_COLOR_NAME = AccentColor;
				CODE_SIGN_STYLE = Automatic;
				CURRENT_PROJECT_VERSION = 1;
				DEVELOPMENT_ASSET_PATHS = "\"ToolBox/Preview Content\"";
				DEVELOPMENT_TEAM = G639TCDRRY;
				ENABLE_PREVIEWS = YES;
				GENERATE_INFOPLIST_FILE = YES;
				INFOPLIST_KEY_UIApplicationSceneManifest_Generation = YES;
				INFOPLIST_KEY_UIApplicationSupportsIndirectInputEvents = YES;
				INFOPLIST_KEY_UILaunchScreen_Generation = YES;
				INFOPLIST_KEY_UISupportedInterfaceOrientations_iPad = "UIInterfaceOrientationPortrait UIInterfaceOrientationPortraitUpsideDown UIInterfaceOrientationLandscapeLeft UIInterfaceOrientationLandscapeRight";
				INFOPLIST_KEY_UISupportedInterfaceOrientations_iPhone = "UIInterfaceOrientationPortrait UIInterfaceOrientationLandscapeLeft UIInterfaceOrientationLandscapeRight";
				LD_RUNPATH_SEARCH_PATHS = (
					"$(inherited)",
					"@executable_path/Frameworks",
				);
				MARKETING_VERSION = 1.0;
				PRODUCT_BUNDLE_IDENTIFIER = com.metzendo.ToolBox;
				PRODUCT_NAME = "$(TARGET_NAME)";
				SWIFT_EMIT_LOC_STRINGS = YES;
				SWIFT_VERSION = 5.0;
				TARGETED_DEVICE_FAMILY = "1,2";
			};
			name = Debug;
		};
		79534B352B5A38F000B09A47 /* Release */ = {
			isa = XCBuildConfiguration;
			buildSettings = {
				ASSETCATALOG_COMPILER_APPICON_NAME = AppIcon;
				ASSETCATALOG_COMPILER_GLOBAL_ACCENT_COLOR_NAME = AccentColor;
				CODE_SIGN_STYLE = Automatic;
				CURRENT_PROJECT_VERSION = 1;
				DEVELOPMENT_ASSET_PATHS = "\"ToolBox/Preview Content\"";
				DEVELOPMENT_TEAM = G639TCDRRY;
				ENABLE_PREVIEWS = YES;
				GENERATE_INFOPLIST_FILE = YES;
				INFOPLIST_KEY_UIApplicationSceneManifest_Generation = YES;
				INFOPLIST_KEY_UIApplicationSupportsIndirectInputEvents = YES;
				INFOPLIST_KEY_UILaunchScreen_Generation = YES;
				INFOPLIST_KEY_UISupportedInterfaceOrientations_iPad = "UIInterfaceOrientationPortrait UIInterfaceOrientationPortraitUpsideDown UIInterfaceOrientationLandscapeLeft UIInterfaceOrientationLandscapeRight";
				INFOPLIST_KEY_UISupportedInterfaceOrientations_iPhone = "UIInterfaceOrientationPortrait UIInterfaceOrientationLandscapeLeft UIInterfaceOrientationLandscapeRight";
				LD_RUNPATH_SEARCH_PATHS = (
					"$(inherited)",
					"@executable_path/Frameworks",
				);
				MARKETING_VERSION = 1.0;
				PRODUCT_BUNDLE_IDENTIFIER = com.metzendo.ToolBox;
				PRODUCT_NAME = "$(TARGET_NAME)";
				SWIFT_EMIT_LOC_STRINGS = YES;
				SWIFT_VERSION = 5.0;
				TARGETED_DEVICE_FAMILY = "1,2";
			};
			name = Release;
		};
		79534B372B5A38F000B09A47 /* Debug */ = {
			isa = XCBuildConfiguration;
			buildSettings = {
				ALWAYS_EMBED_SWIFT_STANDARD_LIBRARIES = YES;
				BUNDLE_LOADER = "$(TEST_HOST)";
				CODE_SIGN_STYLE = Automatic;
				CURRENT_PROJECT_VERSION = 1;
				DEVELOPMENT_TEAM = G639TCDRRY;
				GENERATE_INFOPLIST_FILE = YES;
				IPHONEOS_DEPLOYMENT_TARGET = 17.2;
				MARKETING_VERSION = 1.0;
				PRODUCT_BUNDLE_IDENTIFIER = com.metzendo.ToolBoxTests;
				PRODUCT_NAME = "$(TARGET_NAME)";
				SWIFT_EMIT_LOC_STRINGS = NO;
				SWIFT_VERSION = 5.0;
				TARGETED_DEVICE_FAMILY = "1,2";
				TEST_HOST = "$(BUILT_PRODUCTS_DIR)/ToolBox.app/$(BUNDLE_EXECUTABLE_FOLDER_PATH)/ToolBox";
			};
			name = Debug;
		};
		79534B382B5A38F000B09A47 /* Release */ = {
			isa = XCBuildConfiguration;
			buildSettings = {
				ALWAYS_EMBED_SWIFT_STANDARD_LIBRARIES = YES;
				BUNDLE_LOADER = "$(TEST_HOST)";
				CODE_SIGN_STYLE = Automatic;
				CURRENT_PROJECT_VERSION = 1;
				DEVELOPMENT_TEAM = G639TCDRRY;
				GENERATE_INFOPLIST_FILE = YES;
				IPHONEOS_DEPLOYMENT_TARGET = 17.2;
				MARKETING_VERSION = 1.0;
				PRODUCT_BUNDLE_IDENTIFIER = com.metzendo.ToolBoxTests;
				PRODUCT_NAME = "$(TARGET_NAME)";
				SWIFT_EMIT_LOC_STRINGS = NO;
				SWIFT_VERSION = 5.0;
				TARGETED_DEVICE_FAMILY = "1,2";
				TEST_HOST = "$(BUILT_PRODUCTS_DIR)/ToolBox.app/$(BUNDLE_EXECUTABLE_FOLDER_PATH)/ToolBox";
			};
			name = Release;
		};
		79534B3A2B5A38F000B09A47 /* Debug */ = {
			isa = XCBuildConfiguration;
			buildSettings = {
				ALWAYS_EMBED_SWIFT_STANDARD_LIBRARIES = YES;
				CODE_SIGN_STYLE = Automatic;
				CURRENT_PROJECT_VERSION = 1;
				DEVELOPMENT_TEAM = G639TCDRRY;
				GENERATE_INFOPLIST_FILE = YES;
				MARKETING_VERSION = 1.0;
				PRODUCT_BUNDLE_IDENTIFIER = com.metzendo.ToolBoxUITests;
				PRODUCT_NAME = "$(TARGET_NAME)";
				SWIFT_EMIT_LOC_STRINGS = NO;
				SWIFT_VERSION = 5.0;
				TARGETED_DEVICE_FAMILY = "1,2";
				TEST_TARGET_NAME = ToolBox;
			};
			name = Debug;
		};
		79534B3B2B5A38F000B09A47 /* Release */ = {
			isa = XCBuildConfiguration;
			buildSettings = {
				ALWAYS_EMBED_SWIFT_STANDARD_LIBRARIES = YES;
				CODE_SIGN_STYLE = Automatic;
				CURRENT_PROJECT_VERSION = 1;
				DEVELOPMENT_TEAM = G639TCDRRY;
				GENERATE_INFOPLIST_FILE = YES;
				MARKETING_VERSION = 1.0;
				PRODUCT_BUNDLE_IDENTIFIER = com.metzendo.ToolBoxUITests;
				PRODUCT_NAME = "$(TARGET_NAME)";
				SWIFT_EMIT_LOC_STRINGS = NO;
				SWIFT_VERSION = 5.0;
				TARGETED_DEVICE_FAMILY = "1,2";
				TEST_TARGET_NAME = ToolBox;
			};
			name = Release;
		};
/* End XCBuildConfiguration section */

/* Begin XCConfigurationList section */
		79534B082B5A38EF00B09A47 /* Build configuration list for PBXProject "ToolBox" */ = {
			isa = XCConfigurationList;
			buildConfigurations = (
				79534B312B5A38F000B09A47 /* Debug */,
				79534B322B5A38F000B09A47 /* Release */,
			);
			defaultConfigurationIsVisible = 0;
			defaultConfigurationName = Release;
		};
		79534B332B5A38F000B09A47 /* Build configuration list for PBXNativeTarget "ToolBox" */ = {
			isa = XCConfigurationList;
			buildConfigurations = (
				79534B342B5A38F000B09A47 /* Debug */,
				79534B352B5A38F000B09A47 /* Release */,
			);
			defaultConfigurationIsVisible = 0;
			defaultConfigurationName = Release;
		};
		79534B362B5A38F000B09A47 /* Build configuration list for PBXNativeTarget "ToolBoxTests" */ = {
			isa = XCConfigurationList;
			buildConfigurations = (
				79534B372B5A38F000B09A47 /* Debug */,
				79534B382B5A38F000B09A47 /* Release */,
			);
			defaultConfigurationIsVisible = 0;
			defaultConfigurationName = Release;
		};
		79534B392B5A38F000B09A47 /* Build configuration list for PBXNativeTarget "ToolBoxUITests" */ = {
			isa = XCConfigurationList;
			buildConfigurations = (
				79534B3A2B5A38F000B09A47 /* Debug */,
				79534B3B2B5A38F000B09A47 /* Release */,
			);
			defaultConfigurationIsVisible = 0;
			defaultConfigurationName = Release;
		};
/* End XCConfigurationList section */
	};
	rootObject = 79534B052B5A38EF00B09A47 /* Project object */;
}
